
Microsoft Visual Studio Solution File, Format Version 12.00
# Visual Studio Version 16
VisualStudioVersion = 16.0.30523.141
MinimumVisualStudioVersion = 10.0.40219.1
Project("{9A19103F-16F7-4668-BE54-9A1E7A4F7556}") = "red_social_mascotas", "red_social_mascotas\red_social_mascotas.csproj", "{9DC69EDE-1B82-4E58-ABCC-2498297B70A3}"
EndProject
Project("{FAE04EC0-301F-11D3-BF4B-00C04F79EFBC}") = "Red_social_mascotas.Testing", "Red_social_mascotas.Testing\Red_social_mascotas.Testing.csproj", "{46FF8CB8-0D6A-4F49-8317-074798A05720}"
EndProject
Global
	GlobalSection(SolutionConfigurationPlatforms) = preSolution
		Debug|Any CPU = Debug|Any CPU
		Release|Any CPU = Release|Any CPU
	EndGlobalSection
	GlobalSection(ProjectConfigurationPlatforms) = postSolution
		{9DC69EDE-1B82-4E58-ABCC-2498297B70A3}.Debug|Any CPU.ActiveCfg = Debug|Any CPU
		{9DC69EDE-1B82-4E58-ABCC-2498297B70A3}.Debug|Any CPU.Build.0 = Debug|Any CPU
		{9DC69EDE-1B82-4E58-ABCC-2498297B70A3}.Release|Any CPU.ActiveCfg = Release|Any CPU
		{9DC69EDE-1B82-4E58-ABCC-2498297B70A3}.Release|Any CPU.Build.0 = Release|Any CPU
		{46FF8CB8-0D6A-4F49-8317-074798A05720}.Debug|Any CPU.ActiveCfg = Debug|Any CPU
		{46FF8CB8-0D6A-4F49-8317-074798A05720}.Debug|Any CPU.Build.0 = Debug|Any CPU
		{46FF8CB8-0D6A-4F49-8317-074798A05720}.Release|Any CPU.ActiveCfg = Release|Any CPU
		{46FF8CB8-0D6A-4F49-8317-074798A05720}.Release|Any CPU.Build.0 = Release|Any CPU
	EndGlobalSection
	GlobalSection(SolutionProperties) = preSolution
		HideSolutionNode = FALSE
	EndGlobalSection
	GlobalSection(ExtensibilityGlobals) = postSolution
		SolutionGuid = {7AC05FAD-8F0B-4281-A9FD-24F803F2F727}
	EndGlobalSection
EndGlobal
